
Microsoft Visual Studio Solution File, Format Version 12.00
# Visual Studio Version 17
VisualStudioVersion = 17.5.002.0
MinimumVisualStudioVersion = 10.0.40219.1
Project("{9A19103F-16F7-4668-BE54-9A1E7A4F7556}") = "HelloWorld", "HelloWorld.csproj", "{11B0BE47-3241-4541-9610-A6904B9F219E}"
EndProject
Global
	GlobalSection(SolutionConfigurationPlatforms) = preSolution
		Debug|Any CPU = Debug|Any CPU
		Release|Any CPU = Release|Any CPU
	EndGlobalSection
	GlobalSection(ProjectConfigurationPlatforms) = postSolution
		{11B0BE47-3241-4541-9610-A6904B9F219E}.Debug|Any CPU.ActiveCfg = Debug|Any CPU
		{11B0BE47-3241-4541-9610-A6904B9F219E}.Debug|Any CPU.Build.0 = Debug|Any CPU
		{11B0BE47-3241-4541-9610-A6904B9F219E}.Release|Any CPU.ActiveCfg = Release|Any CPU
		{11B0BE47-3241-4541-9610-A6904B9F219E}.Release|Any CPU.Build.0 = Release|Any CPU
	EndGlobalSection
	GlobalSection(SolutionProperties) = preSolution
		HideSolutionNode = FALSE
	EndGlobalSection
	GlobalSection(ExtensibilityGlobals) = postSolution
		SolutionGuid = {399C515D-EDE5-41F9-AD82-31D1BAB3F748}
	EndGlobalSection
EndGlobal
